// !$*UTF8*$!
{
	archiveVersion = 1;
	classes = {
	};
	objectVersion = 55;
	objects = {

/* Begin PBXBuildFile section */
		3C10AFD32732981600B1E973 /* FeedController.swift in Sources */ = {isa = PBXBuildFile; fileRef = 3C10AFD22732981600B1E973 /* FeedController.swift */; };
		3C10AFD52732981F00B1E973 /* YouController.swift in Sources */ = {isa = PBXBuildFile; fileRef = 3C10AFD42732981F00B1E973 /* YouController.swift */; };
		3C10AFD82732A05A00B1E973 /* UIColorExtension.swift in Sources */ = {isa = PBXBuildFile; fileRef = 3C10AFD72732A05A00B1E973 /* UIColorExtension.swift */; };
		3C10AFDB2732A1C400B1E973 /* UIFontExtension.swift in Sources */ = {isa = PBXBuildFile; fileRef = 3C10AFDA2732A1C400B1E973 /* UIFontExtension.swift */; };
		3C10AFE32732A33D00B1E973 /* Montserrat-SemiBold.ttf in Resources */ = {isa = PBXBuildFile; fileRef = 3C10AFDD2732A33C00B1E973 /* Montserrat-SemiBold.ttf */; };
		3C10AFE42732A33D00B1E973 /* Montserrat-Thin.ttf in Resources */ = {isa = PBXBuildFile; fileRef = 3C10AFDE2732A33C00B1E973 /* Montserrat-Thin.ttf */; };
		3C10AFE52732A33D00B1E973 /* Montserrat-Black.ttf in Resources */ = {isa = PBXBuildFile; fileRef = 3C10AFDF2732A33C00B1E973 /* Montserrat-Black.ttf */; };
		3C10AFE62732A33D00B1E973 /* Montserrat-Light.ttf in Resources */ = {isa = PBXBuildFile; fileRef = 3C10AFE02732A33D00B1E973 /* Montserrat-Light.ttf */; };
		3C10AFE72732A33D00B1E973 /* Montserrat-Bold.ttf in Resources */ = {isa = PBXBuildFile; fileRef = 3C10AFE12732A33D00B1E973 /* Montserrat-Bold.ttf */; };
		3C10AFE82732A33D00B1E973 /* Montserrat-Regular.ttf in Resources */ = {isa = PBXBuildFile; fileRef = 3C10AFE22732A33D00B1E973 /* Montserrat-Regular.ttf */; };
		3C10AFEE2732A49400B1E973 /* CeraPro-Medium.otf in Resources */ = {isa = PBXBuildFile; fileRef = 3C10AFEA2732A49400B1E973 /* CeraPro-Medium.otf */; };
		3C10AFEF2732A49400B1E973 /* CeraPro-Black.otf in Resources */ = {isa = PBXBuildFile; fileRef = 3C10AFEB2732A49400B1E973 /* CeraPro-Black.otf */; };
		3C10AFF02732A49400B1E973 /* CeraPro-Light.otf in Resources */ = {isa = PBXBuildFile; fileRef = 3C10AFEC2732A49400B1E973 /* CeraPro-Light.otf */; };
		3C10AFF12732A49400B1E973 /* CeraPro-Bold.otf in Resources */ = {isa = PBXBuildFile; fileRef = 3C10AFED2732A49400B1E973 /* CeraPro-Bold.otf */; };
		3C10AFF92732A67600B1E973 /* NotoSansKR-Regular.otf in Resources */ = {isa = PBXBuildFile; fileRef = 3C10AFF32732A67500B1E973 /* NotoSansKR-Regular.otf */; };
		3C10AFFA2732A67600B1E973 /* NotoSansKR-Thin.otf in Resources */ = {isa = PBXBuildFile; fileRef = 3C10AFF42732A67500B1E973 /* NotoSansKR-Thin.otf */; };
		3C10AFFB2732A67600B1E973 /* NotoSansKR-Black.otf in Resources */ = {isa = PBXBuildFile; fileRef = 3C10AFF52732A67500B1E973 /* NotoSansKR-Black.otf */; };
		3C10AFFC2732A67600B1E973 /* NotoSansKR-Bold.otf in Resources */ = {isa = PBXBuildFile; fileRef = 3C10AFF62732A67500B1E973 /* NotoSansKR-Bold.otf */; };
		3C10AFFD2732A67600B1E973 /* NotoSansKR-Medium.otf in Resources */ = {isa = PBXBuildFile; fileRef = 3C10AFF72732A67600B1E973 /* NotoSansKR-Medium.otf */; };
		3C10AFFE2732A67600B1E973 /* NotoSansKR-Light.otf in Resources */ = {isa = PBXBuildFile; fileRef = 3C10AFF82732A67600B1E973 /* NotoSansKR-Light.otf */; };
		3C45E0C427313ADA002E3C8D /* AppDelegate.swift in Sources */ = {isa = PBXBuildFile; fileRef = 3C45E0C327313ADA002E3C8D /* AppDelegate.swift */; };
		3C45E0C627313ADA002E3C8D /* SceneDelegate.swift in Sources */ = {isa = PBXBuildFile; fileRef = 3C45E0C527313ADA002E3C8D /* SceneDelegate.swift */; };
		3C45E0C827313ADA002E3C8D /* TabBarController.swift in Sources */ = {isa = PBXBuildFile; fileRef = 3C45E0C727313ADA002E3C8D /* TabBarController.swift */; };
		3C45E0CD27313ADB002E3C8D /* Assets.xcassets in Resources */ = {isa = PBXBuildFile; fileRef = 3C45E0CC27313ADB002E3C8D /* Assets.xcassets */; };
		3C45E0D027313ADB002E3C8D /* LaunchScreen.storyboard in Resources */ = {isa = PBXBuildFile; fileRef = 3C45E0CE27313ADB002E3C8D /* LaunchScreen.storyboard */; };
		3C58C83227342CEE003A1F9D /* Lottie in Frameworks */ = {isa = PBXBuildFile; productRef = 3C58C83127342CEE003A1F9D /* Lottie */; };
		3C58C83527342D04003A1F9D /* Alamofire in Frameworks */ = {isa = PBXBuildFile; productRef = 3C58C83427342D04003A1F9D /* Alamofire */; };
		3C58C83827342D11003A1F9D /* IQKeyboardManagerSwift in Frameworks */ = {isa = PBXBuildFile; productRef = 3C58C83727342D11003A1F9D /* IQKeyboardManagerSwift */; };
		3C58C83E27342D30003A1F9D /* SnapKit in Frameworks */ = {isa = PBXBuildFile; productRef = 3C58C83D27342D30003A1F9D /* SnapKit */; };
		3C953CF32732C04D00B12039 /* .swiftlint.yml in Resources */ = {isa = PBXBuildFile; fileRef = 3C953CF22732C04D00B12039 /* .swiftlint.yml */; };
		3C968084273271540020A72F /* Montserrat-Medium.ttf in Resources */ = {isa = PBXBuildFile; fileRef = 3C968083273271540020A72F /* Montserrat-Medium.ttf */; };
		3C96808A273286F20020A72F /* UploadPostController.swift in Sources */ = {isa = PBXBuildFile; fileRef = 3C968089273286F20020A72F /* UploadPostController.swift */; };
		3CA91E6C2733CD3C00390A89 /* AuthTextField.swift in Sources */ = {isa = PBXBuildFile; fileRef = 3CA91E6B2733CD3C00390A89 /* AuthTextField.swift */; };
		3CA91E6E2733CF6400390A89 /* AuthButton.swift in Sources */ = {isa = PBXBuildFile; fileRef = 3CA91E6D2733CF6400390A89 /* AuthButton.swift */; };
		3CC1B09C2742BB6600A715C0 /* HorizontalSeperator.swift in Sources */ = {isa = PBXBuildFile; fileRef = 3CC1B09B2742BB6600A715C0 /* HorizontalSeperator.swift */; };
		3CC1B09F27436B8200A715C0 /* Tags in Frameworks */ = {isa = PBXBuildFile; productRef = 3CC1B09E27436B8200A715C0 /* Tags */; };
		3CC1B0A127439C1D00A715C0 /* UploadPostInputAccessoryView.swift in Sources */ = {isa = PBXBuildFile; fileRef = 3CC1B0A027439C1D00A715C0 /* UploadPostInputAccessoryView.swift */; };
		3CC62DC3278584B800362941 /* AppController.swift in Sources */ = {isa = PBXBuildFile; fileRef = 3CC62DC2278584B800362941 /* AppController.swift */; };
		3CEC29E527CB6ACA00294531 /* PostService.swift in Sources */ = {isa = PBXBuildFile; fileRef = 3CEC29E427CB6ACA00294531 /* PostService.swift */; };
		3CEC29E727CB71C000294531 /* PostUploadRequest.swift in Sources */ = {isa = PBXBuildFile; fileRef = 3CEC29E627CB71C000294531 /* PostUploadRequest.swift */; };
		3CEC29E927CB803400294531 /* PostRouter.swift in Sources */ = {isa = PBXBuildFile; fileRef = 3CEC29E827CB803400294531 /* PostRouter.swift */; };
		76E48F5128D57D7F002C0010 /* AlertBuilder.swift in Sources */ = {isa = PBXBuildFile; fileRef = 76E48F5028D57D7F002C0010 /* AlertBuilder.swift */; };
		76E48F5428D5A2ED002C0010 /* Parchment in Frameworks */ = {isa = PBXBuildFile; productRef = 76E48F5328D5A2ED002C0010 /* Parchment */; };
		D511D34C2847BA610087E2E9 /* NotificationService.swift in Sources */ = {isa = PBXBuildFile; fileRef = D511D34B2847BA610087E2E9 /* NotificationService.swift */; };
		D531286D2822E72B00E05FC6 /* MonthTimelineController+CompositionalLayout.swift in Sources */ = {isa = PBXBuildFile; fileRef = D53128662822E72B00E05FC6 /* MonthTimelineController+CompositionalLayout.swift */; };
		D531286E2822E72B00E05FC6 /* MonthTimelineController.swift in Sources */ = {isa = PBXBuildFile; fileRef = D53128672822E72B00E05FC6 /* MonthTimelineController.swift */; };
		D531286F2822E72B00E05FC6 /* DayController.swift in Sources */ = {isa = PBXBuildFile; fileRef = D53128692822E72B00E05FC6 /* DayController.swift */; };
		D53128702822E72B00E05FC6 /* YearTimelineController+CompositionalLayout.swift in Sources */ = {isa = PBXBuildFile; fileRef = D531286B2822E72B00E05FC6 /* YearTimelineController+CompositionalLayout.swift */; };
		D53128712822E72B00E05FC6 /* YearTimelineController.swift in Sources */ = {isa = PBXBuildFile; fileRef = D531286C2822E72B00E05FC6 /* YearTimelineController.swift */; };
		D53128742822E91700E05FC6 /* ReactorKit in Frameworks */ = {isa = PBXBuildFile; productRef = D53128732822E91700E05FC6 /* ReactorKit */; };
		D54299D027BB97BE002BF0EC /* GeneralResponse.swift in Sources */ = {isa = PBXBuildFile; fileRef = D54299CF27BB97BE002BF0EC /* GeneralResponse.swift */; };
		D548524827C1592500DDA2D1 /* FollowRouter.swift in Sources */ = {isa = PBXBuildFile; fileRef = D548524727C1592500DDA2D1 /* FollowRouter.swift */; };
		D548524A27C159E900DDA2D1 /* FollowRequest.swift in Sources */ = {isa = PBXBuildFile; fileRef = D548524927C159E900DDA2D1 /* FollowRequest.swift */; };
		D548524C27C15AD800DDA2D1 /* FollowService.swift in Sources */ = {isa = PBXBuildFile; fileRef = D548524B27C15AD800DDA2D1 /* FollowService.swift */; };
		D569A38C2796A19100B7BA4A /* AFManager.swift in Sources */ = {isa = PBXBuildFile; fileRef = D569A38B2796A19100B7BA4A /* AFManager.swift */; };
		D569A38E2796A27800B7BA4A /* BaseInterceptor.swift in Sources */ = {isa = PBXBuildFile; fileRef = D569A38D2796A27800B7BA4A /* BaseInterceptor.swift */; };
		D569A3902796A95300B7BA4A /* MyLogger.swift in Sources */ = {isa = PBXBuildFile; fileRef = D569A38F2796A95300B7BA4A /* MyLogger.swift */; };
		D569A3922796ADD400B7BA4A /* UserRouter.swift in Sources */ = {isa = PBXBuildFile; fileRef = D569A3912796ADD400B7BA4A /* UserRouter.swift */; };
		D569A3942796EF2C00B7BA4A /* APIConfiguration.swift in Sources */ = {isa = PBXBuildFile; fileRef = D569A3932796EF2C00B7BA4A /* APIConfiguration.swift */; };
		D56CB273279E0ACF0087FCC8 /* SearchController.swift in Sources */ = {isa = PBXBuildFile; fileRef = D56CB272279E0ACF0087FCC8 /* SearchController.swift */; };
		D57BEC0B274CEB8E00E65966 /* UITextFieldExtension.swift in Sources */ = {isa = PBXBuildFile; fileRef = D57BEC0A274CEB8E00E65966 /* UITextFieldExtension.swift */; };
		D57E8EB62740182E0099AA63 /* UserStatController.swift in Sources */ = {isa = PBXBuildFile; fileRef = D57E8EB52740182E0099AA63 /* UserStatController.swift */; };
		D57E8EB827401C9A0099AA63 /* EditProfileController.swift in Sources */ = {isa = PBXBuildFile; fileRef = D57E8EB727401C9A0099AA63 /* EditProfileController.swift */; };
		D57E8EBB274020820099AA63 /* ProfileViewModel.swift in Sources */ = {isa = PBXBuildFile; fileRef = D57E8EBA274020820099AA63 /* ProfileViewModel.swift */; };
		D58A56EF281FD3DD00E7B740 /* TimelineCell.swift in Sources */ = {isa = PBXBuildFile; fileRef = D58A56EE281FD3DD00E7B740 /* TimelineCell.swift */; };
		D58A56F1281FD58C00E7B740 /* MonthYear.swift in Sources */ = {isa = PBXBuildFile; fileRef = D58A56F0281FD58C00E7B740 /* MonthYear.swift */; };
		D58A56F5281FE24500E7B740 /* MonthTimelineSection.swift in Sources */ = {isa = PBXBuildFile; fileRef = D58A56F4281FE24500E7B740 /* MonthTimelineSection.swift */; };
		D58A56F72820D0EC00E7B740 /* TimelineLoaderCollectionViewCell.swift in Sources */ = {isa = PBXBuildFile; fileRef = D58A56F62820D0EC00E7B740 /* TimelineLoaderCollectionViewCell.swift */; };
		D58A56F92820D53300E7B740 /* MonthTimelineItem.swift in Sources */ = {isa = PBXBuildFile; fileRef = D58A56F82820D53300E7B740 /* MonthTimelineItem.swift */; };
		D58A56FB2820EE1100E7B740 /* TimelineSectionHeaderView.swift in Sources */ = {isa = PBXBuildFile; fileRef = D58A56FA2820EE1100E7B740 /* TimelineSectionHeaderView.swift */; };
		D58C100F28221888008FB61E /* Then in Frameworks */ = {isa = PBXBuildFile; productRef = D58C100E28221888008FB61E /* Then */; };
		D58C101128221B33008FB61E /* YearTimelineSection.swift in Sources */ = {isa = PBXBuildFile; fileRef = D58C101028221B33008FB61E /* YearTimelineSection.swift */; };
		D58C101328221B6D008FB61E /* YearTimelineItem.swift in Sources */ = {isa = PBXBuildFile; fileRef = D58C101228221B6D008FB61E /* YearTimelineItem.swift */; };
		D5924BFF284784C60098A5AE /* FirebaseAnalytics in Frameworks */ = {isa = PBXBuildFile; productRef = D5924BFE284784C60098A5AE /* FirebaseAnalytics */; };
		D5924C01284784C60098A5AE /* FirebaseAuth in Frameworks */ = {isa = PBXBuildFile; productRef = D5924C00284784C60098A5AE /* FirebaseAuth */; };
		D5924C03284784C60098A5AE /* FirebaseDynamicLinks in Frameworks */ = {isa = PBXBuildFile; productRef = D5924C02284784C60098A5AE /* FirebaseDynamicLinks */; };
		D5924C05284784C60098A5AE /* FirebaseMessaging in Frameworks */ = {isa = PBXBuildFile; productRef = D5924C04284784C60098A5AE /* FirebaseMessaging */; };
		D5C0A908273A4235005F9E9B /* Kingfisher in Frameworks */ = {isa = PBXBuildFile; productRef = D5C0A907273A4235005F9E9B /* Kingfisher */; };
		D5C0A911273A4B91005F9E9B /* AuthService.swift in Sources */ = {isa = PBXBuildFile; fileRef = D5C0A910273A4B91005F9E9B /* AuthService.swift */; };
		D5C0A915273A4E8E005F9E9B /* User.swift in Sources */ = {isa = PBXBuildFile; fileRef = D5C0A914273A4E8E005F9E9B /* User.swift */; };
		D5C0A917273A5032005F9E9B /* UserService.swift in Sources */ = {isa = PBXBuildFile; fileRef = D5C0A916273A5032005F9E9B /* UserService.swift */; };
		D5D0C4B627975DCD00E96015 /* UserRequest.swift in Sources */ = {isa = PBXBuildFile; fileRef = D5D0C4B527975DCD00E96015 /* UserRequest.swift */; };
		D5D12240273AD92F0022290E /* .github in Resources */ = {isa = PBXBuildFile; fileRef = D5D1223F273AD92F0022290E /* .github */; };
		D5D12242273C5F9A0022290E /* CONTRIBUTING.md in Resources */ = {isa = PBXBuildFile; fileRef = D5D12241273C5F9A0022290E /* CONTRIBUTING.md */; };
		D5D12244273D1E230022290E /* ProfileController.swift in Sources */ = {isa = PBXBuildFile; fileRef = D5D12243273D1E230022290E /* ProfileController.swift */; };
		D5D44EC4277C81CF00C48D8E /* KeychainAccess in Frameworks */ = {isa = PBXBuildFile; productRef = D5D44EC3277C81CF00C48D8E /* KeychainAccess */; };
		D5EF98DB279F8F23004E6E55 /* UserCell.swift in Sources */ = {isa = PBXBuildFile; fileRef = D5EF98DA279F8F23004E6E55 /* UserCell.swift */; };
		D5EF98DD279F92AD004E6E55 /* UserCellViewModel.swift in Sources */ = {isa = PBXBuildFile; fileRef = D5EF98DC279F92AD004E6E55 /* UserCellViewModel.swift */; };
		D5EF98DF279FB367004E6E55 /* SearchResultsTableController.swift in Sources */ = {isa = PBXBuildFile; fileRef = D5EF98DE279FB366004E6E55 /* SearchResultsTableController.swift */; };
		D5EF98E1279FE220004E6E55 /* SearchRouter.swift in Sources */ = {isa = PBXBuildFile; fileRef = D5EF98E0279FE220004E6E55 /* SearchRouter.swift */; };
		D5EF98E3279FE3DF004E6E55 /* SearchRequest.swift in Sources */ = {isa = PBXBuildFile; fileRef = D5EF98E2279FE3DF004E6E55 /* SearchRequest.swift */; };
		D5EF98E527A0C35D004E6E55 /* SearchService.swift in Sources */ = {isa = PBXBuildFile; fileRef = D5EF98E427A0C35C004E6E55 /* SearchService.swift */; };
		D5EF98E727A0C442004E6E55 /* UserCellModel.swift in Sources */ = {isa = PBXBuildFile; fileRef = D5EF98E627A0C442004E6E55 /* UserCellModel.swift */; };
		FA12E7F22744CC7D00EB8834 /* CustomPasswordTextField.swift in Sources */ = {isa = PBXBuildFile; fileRef = FA12E7EF2744CC7D00EB8834 /* CustomPasswordTextField.swift */; };
		FA12E7F42744CC7D00EB8834 /* Auth.storyboard in Resources */ = {isa = PBXBuildFile; fileRef = FA12E7F12744CC7D00EB8834 /* Auth.storyboard */; };
		FA12E8002744CFB000EB8834 /* EmailInputViewController.swift in Sources */ = {isa = PBXBuildFile; fileRef = FA12E7F82744CFB000EB8834 /* EmailInputViewController.swift */; };
		FA12E8022744CFB000EB8834 /* ProfileInputController.swift in Sources */ = {isa = PBXBuildFile; fileRef = FA12E7FA2744CFB000EB8834 /* ProfileInputController.swift */; };
		FA12E8032744CFB000EB8834 /* NickNameInputController.swift in Sources */ = {isa = PBXBuildFile; fileRef = FA12E7FB2744CFB000EB8834 /* NickNameInputController.swift */; };
		FA12E8042744CFB000EB8834 /* EmailConfirmController.swift in Sources */ = {isa = PBXBuildFile; fileRef = FA12E7FC2744CFB000EB8834 /* EmailConfirmController.swift */; };
		FA12E8052744CFB000EB8834 /* PasswordInputController.swift in Sources */ = {isa = PBXBuildFile; fileRef = FA12E7FD2744CFB000EB8834 /* PasswordInputController.swift */; };
		FA12E8062744CFB000EB8834 /* LoginController.swift in Sources */ = {isa = PBXBuildFile; fileRef = FA12E7FE2744CFB000EB8834 /* LoginController.swift */; };
		FA12E8072744CFB000EB8834 /* NameInputController.swift in Sources */ = {isa = PBXBuildFile; fileRef = FA12E7FF2744CFB000EB8834 /* NameInputController.swift */; };
		FA33A23F27C3BD5500E29DF5 /* AuthRequest.swift in Sources */ = {isa = PBXBuildFile; fileRef = FA33A23E27C3BD5500E29DF5 /* AuthRequest.swift */; };
		FA33A24127C3BD8500E29DF5 /* AuthRouter.swift in Sources */ = {isa = PBXBuildFile; fileRef = FA33A24027C3BD8500E29DF5 /* AuthRouter.swift */; };
		FA359D1C27E203300075412D /* NotificationNameExtension.swift in Sources */ = {isa = PBXBuildFile; fileRef = FA359D1B27E2032F0075412D /* NotificationNameExtension.swift */; };
		FA3AC8392781DA3F00B8BDFF /* AuthUser.swift in Sources */ = {isa = PBXBuildFile; fileRef = FA3AC8382781DA3F00B8BDFF /* AuthUser.swift */; };
		FA3D3E0D2744D51700A86040 /* LoginHomeController.swift in Sources */ = {isa = PBXBuildFile; fileRef = FA3D3E0C2744D51700A86040 /* LoginHomeController.swift */; };
		FA3D3E142744EB0E00A86040 /* SignUpCompletedController.swift in Sources */ = {isa = PBXBuildFile; fileRef = FA3D3E132744EB0E00A86040 /* SignUpCompletedController.swift */; };
		FA43A16D282170EC00569D01 /* Search.swift in Sources */ = {isa = PBXBuildFile; fileRef = FA43A16C282170EC00569D01 /* Search.swift */; };
		FA43FC572751158000A020D6 /* 20425-emailtitle.json in Resources */ = {isa = PBXBuildFile; fileRef = FA43FC552751158000A020D6 /* 20425-emailtitle.json */; };
		FA43FC592751165700A020D6 /* 70170-success-check.json in Resources */ = {isa = PBXBuildFile; fileRef = FA43FC582751165700A020D6 /* 70170-success-check.json */; };
		FA556E4D2850745100934027 /* TagCellModel.swift in Sources */ = {isa = PBXBuildFile; fileRef = FA556E4C2850745100934027 /* TagCellModel.swift */; };
		FA5751572835316100C8581F /* TagCell.swift in Sources */ = {isa = PBXBuildFile; fileRef = FA5751562835316100C8581F /* TagCell.swift */; };
		FA635F222796EDEE002D63C6 /* GoogleService-Info.plist in Resources */ = {isa = PBXBuildFile; fileRef = FA635F212796EDEE002D63C6 /* GoogleService-Info.plist */; };
		FAF00A9B2806D36700E965B2 /* SearchRecentCell.swift in Sources */ = {isa = PBXBuildFile; fileRef = FAF00A9A2806D36700E965B2 /* SearchRecentCell.swift */; };
/* End PBXBuildFile section */

/* Begin PBXFileReference section */
		3C10AFD22732981600B1E973 /* FeedController.swift */ = {isa = PBXFileReference; lastKnownFileType = sourcecode.swift; path = FeedController.swift; sourceTree = "<group>"; };
		3C10AFD42732981F00B1E973 /* YouController.swift */ = {isa = PBXFileReference; lastKnownFileType = sourcecode.swift; path = YouController.swift; sourceTree = "<group>"; };
		3C10AFD72732A05A00B1E973 /* UIColorExtension.swift */ = {isa = PBXFileReference; lastKnownFileType = sourcecode.swift; path = UIColorExtension.swift; sourceTree = "<group>"; };
		3C10AFDA2732A1C400B1E973 /* UIFontExtension.swift */ = {isa = PBXFileReference; lastKnownFileType = sourcecode.swift; path = UIFontExtension.swift; sourceTree = "<group>"; };
		3C10AFDD2732A33C00B1E973 /* Montserrat-SemiBold.ttf */ = {isa = PBXFileReference; lastKnownFileType = file; path = "Montserrat-SemiBold.ttf"; sourceTree = "<group>"; };
		3C10AFDE2732A33C00B1E973 /* Montserrat-Thin.ttf */ = {isa = PBXFileReference; lastKnownFileType = file; path = "Montserrat-Thin.ttf"; sourceTree = "<group>"; };
		3C10AFDF2732A33C00B1E973 /* Montserrat-Black.ttf */ = {isa = PBXFileReference; lastKnownFileType = file; path = "Montserrat-Black.ttf"; sourceTree = "<group>"; };
		3C10AFE02732A33D00B1E973 /* Montserrat-Light.ttf */ = {isa = PBXFileReference; lastKnownFileType = file; path = "Montserrat-Light.ttf"; sourceTree = "<group>"; };
		3C10AFE12732A33D00B1E973 /* Montserrat-Bold.ttf */ = {isa = PBXFileReference; lastKnownFileType = file; path = "Montserrat-Bold.ttf"; sourceTree = "<group>"; };
		3C10AFE22732A33D00B1E973 /* Montserrat-Regular.ttf */ = {isa = PBXFileReference; lastKnownFileType = file; path = "Montserrat-Regular.ttf"; sourceTree = "<group>"; };
		3C10AFEA2732A49400B1E973 /* CeraPro-Medium.otf */ = {isa = PBXFileReference; lastKnownFileType = file; path = "CeraPro-Medium.otf"; sourceTree = "<group>"; };
		3C10AFEB2732A49400B1E973 /* CeraPro-Black.otf */ = {isa = PBXFileReference; lastKnownFileType = file; path = "CeraPro-Black.otf"; sourceTree = "<group>"; };
		3C10AFEC2732A49400B1E973 /* CeraPro-Light.otf */ = {isa = PBXFileReference; lastKnownFileType = file; path = "CeraPro-Light.otf"; sourceTree = "<group>"; };
		3C10AFED2732A49400B1E973 /* CeraPro-Bold.otf */ = {isa = PBXFileReference; lastKnownFileType = file; path = "CeraPro-Bold.otf"; sourceTree = "<group>"; };
		3C10AFF32732A67500B1E973 /* NotoSansKR-Regular.otf */ = {isa = PBXFileReference; lastKnownFileType = file; path = "NotoSansKR-Regular.otf"; sourceTree = "<group>"; };
		3C10AFF42732A67500B1E973 /* NotoSansKR-Thin.otf */ = {isa = PBXFileReference; lastKnownFileType = file; path = "NotoSansKR-Thin.otf"; sourceTree = "<group>"; };
		3C10AFF52732A67500B1E973 /* NotoSansKR-Black.otf */ = {isa = PBXFileReference; lastKnownFileType = file; path = "NotoSansKR-Black.otf"; sourceTree = "<group>"; };
		3C10AFF62732A67500B1E973 /* NotoSansKR-Bold.otf */ = {isa = PBXFileReference; lastKnownFileType = file; path = "NotoSansKR-Bold.otf"; sourceTree = "<group>"; };
		3C10AFF72732A67600B1E973 /* NotoSansKR-Medium.otf */ = {isa = PBXFileReference; lastKnownFileType = file; path = "NotoSansKR-Medium.otf"; sourceTree = "<group>"; };
		3C10AFF82732A67600B1E973 /* NotoSansKR-Light.otf */ = {isa = PBXFileReference; lastKnownFileType = file; path = "NotoSansKR-Light.otf"; sourceTree = "<group>"; };
		3C45E0C027313ADA002E3C8D /* Soil.app */ = {isa = PBXFileReference; explicitFileType = wrapper.application; includeInIndex = 0; path = Soil.app; sourceTree = BUILT_PRODUCTS_DIR; };
		3C45E0C327313ADA002E3C8D /* AppDelegate.swift */ = {isa = PBXFileReference; lastKnownFileType = sourcecode.swift; path = AppDelegate.swift; sourceTree = "<group>"; };
		3C45E0C527313ADA002E3C8D /* SceneDelegate.swift */ = {isa = PBXFileReference; lastKnownFileType = sourcecode.swift; path = SceneDelegate.swift; sourceTree = "<group>"; };
		3C45E0C727313ADA002E3C8D /* TabBarController.swift */ = {isa = PBXFileReference; lastKnownFileType = sourcecode.swift; path = TabBarController.swift; sourceTree = "<group>"; };
		3C45E0CC27313ADB002E3C8D /* Assets.xcassets */ = {isa = PBXFileReference; lastKnownFileType = folder.assetcatalog; path = Assets.xcassets; sourceTree = "<group>"; };
		3C45E0CF27313ADB002E3C8D /* Base */ = {isa = PBXFileReference; lastKnownFileType = file.storyboard; name = Base; path = Base.lproj/LaunchScreen.storyboard; sourceTree = "<group>"; };
		3C45E0D127313ADB002E3C8D /* Info.plist */ = {isa = PBXFileReference; lastKnownFileType = text.plist.xml; path = Info.plist; sourceTree = "<group>"; };
		3C953CF22732C04D00B12039 /* .swiftlint.yml */ = {isa = PBXFileReference; lastKnownFileType = text.yaml; path = .swiftlint.yml; sourceTree = "<group>"; };
		3C968083273271540020A72F /* Montserrat-Medium.ttf */ = {isa = PBXFileReference; lastKnownFileType = file; path = "Montserrat-Medium.ttf"; sourceTree = "<group>"; };
		3C968089273286F20020A72F /* UploadPostController.swift */ = {isa = PBXFileReference; lastKnownFileType = sourcecode.swift; path = UploadPostController.swift; sourceTree = "<group>"; };
		3CA91E6B2733CD3C00390A89 /* AuthTextField.swift */ = {isa = PBXFileReference; lastKnownFileType = sourcecode.swift; path = AuthTextField.swift; sourceTree = "<group>"; };
		3CA91E6D2733CF6400390A89 /* AuthButton.swift */ = {isa = PBXFileReference; lastKnownFileType = sourcecode.swift; path = AuthButton.swift; sourceTree = "<group>"; };
		3CC1B09B2742BB6600A715C0 /* HorizontalSeperator.swift */ = {isa = PBXFileReference; lastKnownFileType = sourcecode.swift; path = HorizontalSeperator.swift; sourceTree = "<group>"; };
		3CC1B0A027439C1D00A715C0 /* UploadPostInputAccessoryView.swift */ = {isa = PBXFileReference; lastKnownFileType = sourcecode.swift; path = UploadPostInputAccessoryView.swift; sourceTree = "<group>"; };
		3CC62DC2278584B800362941 /* AppController.swift */ = {isa = PBXFileReference; lastKnownFileType = sourcecode.swift; path = AppController.swift; sourceTree = "<group>"; };
		3CEC29E427CB6ACA00294531 /* PostService.swift */ = {isa = PBXFileReference; lastKnownFileType = sourcecode.swift; path = PostService.swift; sourceTree = "<group>"; };
		3CEC29E627CB71C000294531 /* PostUploadRequest.swift */ = {isa = PBXFileReference; lastKnownFileType = sourcecode.swift; path = PostUploadRequest.swift; sourceTree = "<group>"; };
		3CEC29E827CB803400294531 /* PostRouter.swift */ = {isa = PBXFileReference; lastKnownFileType = sourcecode.swift; path = PostRouter.swift; sourceTree = "<group>"; };
		76E48F5028D57D7F002C0010 /* AlertBuilder.swift */ = {isa = PBXFileReference; lastKnownFileType = sourcecode.swift; path = AlertBuilder.swift; sourceTree = "<group>"; };
		D511D34B2847BA610087E2E9 /* NotificationService.swift */ = {isa = PBXFileReference; lastKnownFileType = sourcecode.swift; path = NotificationService.swift; sourceTree = "<group>"; };
		D53128662822E72B00E05FC6 /* MonthTimelineController+CompositionalLayout.swift */ = {isa = PBXFileReference; fileEncoding = 4; lastKnownFileType = sourcecode.swift; path = "MonthTimelineController+CompositionalLayout.swift"; sourceTree = "<group>"; };
		D53128672822E72B00E05FC6 /* MonthTimelineController.swift */ = {isa = PBXFileReference; fileEncoding = 4; lastKnownFileType = sourcecode.swift; path = MonthTimelineController.swift; sourceTree = "<group>"; };
		D53128692822E72B00E05FC6 /* DayController.swift */ = {isa = PBXFileReference; fileEncoding = 4; lastKnownFileType = sourcecode.swift; path = DayController.swift; sourceTree = "<group>"; };
		D531286B2822E72B00E05FC6 /* YearTimelineController+CompositionalLayout.swift */ = {isa = PBXFileReference; fileEncoding = 4; lastKnownFileType = sourcecode.swift; path = "YearTimelineController+CompositionalLayout.swift"; sourceTree = "<group>"; };
		D531286C2822E72B00E05FC6 /* YearTimelineController.swift */ = {isa = PBXFileReference; fileEncoding = 4; lastKnownFileType = sourcecode.swift; path = YearTimelineController.swift; sourceTree = "<group>"; };
		D54299CF27BB97BE002BF0EC /* GeneralResponse.swift */ = {isa = PBXFileReference; lastKnownFileType = sourcecode.swift; path = GeneralResponse.swift; sourceTree = "<group>"; };
		D548524727C1592500DDA2D1 /* FollowRouter.swift */ = {isa = PBXFileReference; lastKnownFileType = sourcecode.swift; path = FollowRouter.swift; sourceTree = "<group>"; };
		D548524927C159E900DDA2D1 /* FollowRequest.swift */ = {isa = PBXFileReference; lastKnownFileType = sourcecode.swift; path = FollowRequest.swift; sourceTree = "<group>"; };
		D548524B27C15AD800DDA2D1 /* FollowService.swift */ = {isa = PBXFileReference; lastKnownFileType = sourcecode.swift; path = FollowService.swift; sourceTree = "<group>"; };
		D569A38B2796A19100B7BA4A /* AFManager.swift */ = {isa = PBXFileReference; lastKnownFileType = sourcecode.swift; path = AFManager.swift; sourceTree = "<group>"; };
		D569A38D2796A27800B7BA4A /* BaseInterceptor.swift */ = {isa = PBXFileReference; lastKnownFileType = sourcecode.swift; path = BaseInterceptor.swift; sourceTree = "<group>"; };
		D569A38F2796A95300B7BA4A /* MyLogger.swift */ = {isa = PBXFileReference; lastKnownFileType = sourcecode.swift; path = MyLogger.swift; sourceTree = "<group>"; };
		D569A3912796ADD400B7BA4A /* UserRouter.swift */ = {isa = PBXFileReference; lastKnownFileType = sourcecode.swift; path = UserRouter.swift; sourceTree = "<group>"; };
		D569A3932796EF2C00B7BA4A /* APIConfiguration.swift */ = {isa = PBXFileReference; lastKnownFileType = sourcecode.swift; path = APIConfiguration.swift; sourceTree = "<group>"; };
		D56CB272279E0ACF0087FCC8 /* SearchController.swift */ = {isa = PBXFileReference; lastKnownFileType = sourcecode.swift; path = SearchController.swift; sourceTree = "<group>"; };
		D57BEC0A274CEB8E00E65966 /* UITextFieldExtension.swift */ = {isa = PBXFileReference; lastKnownFileType = sourcecode.swift; path = UITextFieldExtension.swift; sourceTree = "<group>"; };
		D57E8EB52740182E0099AA63 /* UserStatController.swift */ = {isa = PBXFileReference; lastKnownFileType = sourcecode.swift; path = UserStatController.swift; sourceTree = "<group>"; };
		D57E8EB727401C9A0099AA63 /* EditProfileController.swift */ = {isa = PBXFileReference; lastKnownFileType = sourcecode.swift; path = EditProfileController.swift; sourceTree = "<group>"; };
		D57E8EBA274020820099AA63 /* ProfileViewModel.swift */ = {isa = PBXFileReference; lastKnownFileType = sourcecode.swift; path = ProfileViewModel.swift; sourceTree = "<group>"; };
		D58A56EE281FD3DD00E7B740 /* TimelineCell.swift */ = {isa = PBXFileReference; lastKnownFileType = sourcecode.swift; path = TimelineCell.swift; sourceTree = "<group>"; };
		D58A56F0281FD58C00E7B740 /* MonthYear.swift */ = {isa = PBXFileReference; lastKnownFileType = sourcecode.swift; path = MonthYear.swift; sourceTree = "<group>"; };
		D58A56F4281FE24500E7B740 /* MonthTimelineSection.swift */ = {isa = PBXFileReference; lastKnownFileType = sourcecode.swift; path = MonthTimelineSection.swift; sourceTree = "<group>"; };
		D58A56F62820D0EC00E7B740 /* TimelineLoaderCollectionViewCell.swift */ = {isa = PBXFileReference; lastKnownFileType = sourcecode.swift; path = TimelineLoaderCollectionViewCell.swift; sourceTree = "<group>"; };
		D58A56F82820D53300E7B740 /* MonthTimelineItem.swift */ = {isa = PBXFileReference; lastKnownFileType = sourcecode.swift; path = MonthTimelineItem.swift; sourceTree = "<group>"; };
		D58A56FA2820EE1100E7B740 /* TimelineSectionHeaderView.swift */ = {isa = PBXFileReference; lastKnownFileType = sourcecode.swift; path = TimelineSectionHeaderView.swift; sourceTree = "<group>"; };
		D58C101028221B33008FB61E /* YearTimelineSection.swift */ = {isa = PBXFileReference; lastKnownFileType = sourcecode.swift; path = YearTimelineSection.swift; sourceTree = "<group>"; };
		D58C101228221B6D008FB61E /* YearTimelineItem.swift */ = {isa = PBXFileReference; lastKnownFileType = sourcecode.swift; path = YearTimelineItem.swift; sourceTree = "<group>"; };
		D5C0A910273A4B91005F9E9B /* AuthService.swift */ = {isa = PBXFileReference; lastKnownFileType = sourcecode.swift; path = AuthService.swift; sourceTree = "<group>"; };
		D5C0A914273A4E8E005F9E9B /* User.swift */ = {isa = PBXFileReference; lastKnownFileType = sourcecode.swift; path = User.swift; sourceTree = "<group>"; };
		D5C0A916273A5032005F9E9B /* UserService.swift */ = {isa = PBXFileReference; lastKnownFileType = sourcecode.swift; path = UserService.swift; sourceTree = "<group>"; };
		D5D0C4B527975DCD00E96015 /* UserRequest.swift */ = {isa = PBXFileReference; lastKnownFileType = sourcecode.swift; path = UserRequest.swift; sourceTree = "<group>"; };
		D5D1223F273AD92F0022290E /* .github */ = {isa = PBXFileReference; lastKnownFileType = folder; path = .github; sourceTree = "<group>"; };
		D5D12241273C5F9A0022290E /* CONTRIBUTING.md */ = {isa = PBXFileReference; fileEncoding = 4; lastKnownFileType = net.daringfireball.markdown; path = CONTRIBUTING.md; sourceTree = "<group>"; };
		D5D12243273D1E230022290E /* ProfileController.swift */ = {isa = PBXFileReference; lastKnownFileType = sourcecode.swift; path = ProfileController.swift; sourceTree = "<group>"; };
		D5EF98DA279F8F23004E6E55 /* UserCell.swift */ = {isa = PBXFileReference; lastKnownFileType = sourcecode.swift; path = UserCell.swift; sourceTree = "<group>"; };
		D5EF98DC279F92AD004E6E55 /* UserCellViewModel.swift */ = {isa = PBXFileReference; lastKnownFileType = sourcecode.swift; path = UserCellViewModel.swift; sourceTree = "<group>"; };
		D5EF98DE279FB366004E6E55 /* SearchResultsTableController.swift */ = {isa = PBXFileReference; lastKnownFileType = sourcecode.swift; path = SearchResultsTableController.swift; sourceTree = "<group>"; };
		D5EF98E0279FE220004E6E55 /* SearchRouter.swift */ = {isa = PBXFileReference; lastKnownFileType = sourcecode.swift; path = SearchRouter.swift; sourceTree = "<group>"; };
		D5EF98E2279FE3DF004E6E55 /* SearchRequest.swift */ = {isa = PBXFileReference; lastKnownFileType = sourcecode.swift; path = SearchRequest.swift; sourceTree = "<group>"; };
		D5EF98E427A0C35C004E6E55 /* SearchService.swift */ = {isa = PBXFileReference; lastKnownFileType = sourcecode.swift; path = SearchService.swift; sourceTree = "<group>"; };
		D5EF98E627A0C442004E6E55 /* UserCellModel.swift */ = {isa = PBXFileReference; lastKnownFileType = sourcecode.swift; path = UserCellModel.swift; sourceTree = "<group>"; };
		FA12E7EF2744CC7D00EB8834 /* CustomPasswordTextField.swift */ = {isa = PBXFileReference; fileEncoding = 4; lastKnownFileType = sourcecode.swift; path = CustomPasswordTextField.swift; sourceTree = "<group>"; };
		FA12E7F12744CC7D00EB8834 /* Auth.storyboard */ = {isa = PBXFileReference; fileEncoding = 4; lastKnownFileType = file.storyboard; path = Auth.storyboard; sourceTree = "<group>"; };
		FA12E7F82744CFB000EB8834 /* EmailInputViewController.swift */ = {isa = PBXFileReference; fileEncoding = 4; lastKnownFileType = sourcecode.swift; path = EmailInputViewController.swift; sourceTree = "<group>"; };
		FA12E7FA2744CFB000EB8834 /* ProfileInputController.swift */ = {isa = PBXFileReference; fileEncoding = 4; lastKnownFileType = sourcecode.swift; path = ProfileInputController.swift; sourceTree = "<group>"; };
		FA12E7FB2744CFB000EB8834 /* NickNameInputController.swift */ = {isa = PBXFileReference; fileEncoding = 4; lastKnownFileType = sourcecode.swift; path = NickNameInputController.swift; sourceTree = "<group>"; };
		FA12E7FC2744CFB000EB8834 /* EmailConfirmController.swift */ = {isa = PBXFileReference; fileEncoding = 4; lastKnownFileType = sourcecode.swift; path = EmailConfirmController.swift; sourceTree = "<group>"; };
		FA12E7FD2744CFB000EB8834 /* PasswordInputController.swift */ = {isa = PBXFileReference; fileEncoding = 4; lastKnownFileType = sourcecode.swift; path = PasswordInputController.swift; sourceTree = "<group>"; };
		FA12E7FE2744CFB000EB8834 /* LoginController.swift */ = {isa = PBXFileReference; fileEncoding = 4; lastKnownFileType = sourcecode.swift; path = LoginController.swift; sourceTree = "<group>"; };
		FA12E7FF2744CFB000EB8834 /* NameInputController.swift */ = {isa = PBXFileReference; fileEncoding = 4; lastKnownFileType = sourcecode.swift; path = NameInputController.swift; sourceTree = "<group>"; };
		FA33A23E27C3BD5500E29DF5 /* AuthRequest.swift */ = {isa = PBXFileReference; lastKnownFileType = sourcecode.swift; path = AuthRequest.swift; sourceTree = "<group>"; };
		FA33A24027C3BD8500E29DF5 /* AuthRouter.swift */ = {isa = PBXFileReference; lastKnownFileType = sourcecode.swift; path = AuthRouter.swift; sourceTree = "<group>"; };
		FA359D1B27E2032F0075412D /* NotificationNameExtension.swift */ = {isa = PBXFileReference; fileEncoding = 4; lastKnownFileType = sourcecode.swift; path = NotificationNameExtension.swift; sourceTree = "<group>"; };
		FA3AC8382781DA3F00B8BDFF /* AuthUser.swift */ = {isa = PBXFileReference; lastKnownFileType = sourcecode.swift; path = AuthUser.swift; sourceTree = "<group>"; };
		FA3D3E0C2744D51700A86040 /* LoginHomeController.swift */ = {isa = PBXFileReference; lastKnownFileType = sourcecode.swift; path = LoginHomeController.swift; sourceTree = "<group>"; };
		FA3D3E132744EB0E00A86040 /* SignUpCompletedController.swift */ = {isa = PBXFileReference; lastKnownFileType = sourcecode.swift; path = SignUpCompletedController.swift; sourceTree = "<group>"; };
		FA43A16C282170EC00569D01 /* Search.swift */ = {isa = PBXFileReference; lastKnownFileType = sourcecode.swift; path = Search.swift; sourceTree = "<group>"; };
		FA43FC552751158000A020D6 /* 20425-emailtitle.json */ = {isa = PBXFileReference; fileEncoding = 4; lastKnownFileType = text.json; path = "20425-emailtitle.json"; sourceTree = "<group>"; };
		FA43FC582751165700A020D6 /* 70170-success-check.json */ = {isa = PBXFileReference; fileEncoding = 4; lastKnownFileType = text.json; path = "70170-success-check.json"; sourceTree = "<group>"; };
		FA556E4C2850745100934027 /* TagCellModel.swift */ = {isa = PBXFileReference; lastKnownFileType = sourcecode.swift; path = TagCellModel.swift; sourceTree = "<group>"; };
		FA5751562835316100C8581F /* TagCell.swift */ = {isa = PBXFileReference; lastKnownFileType = sourcecode.swift; path = TagCell.swift; sourceTree = "<group>"; };
		FA635F212796EDEE002D63C6 /* GoogleService-Info.plist */ = {isa = PBXFileReference; fileEncoding = 4; lastKnownFileType = text.plist.xml; path = "GoogleService-Info.plist"; sourceTree = "<group>"; };
		FA65791727EB5169006B5D6D /* Soil.entitlements */ = {isa = PBXFileReference; lastKnownFileType = text.plist.entitlements; path = Soil.entitlements; sourceTree = "<group>"; };
		FAF00A9A2806D36700E965B2 /* SearchRecentCell.swift */ = {isa = PBXFileReference; lastKnownFileType = sourcecode.swift; path = SearchRecentCell.swift; sourceTree = "<group>"; };
/* End PBXFileReference section */

/* Begin PBXFrameworksBuildPhase section */
		3C45E0BD27313AD9002E3C8D /* Frameworks */ = {
			isa = PBXFrameworksBuildPhase;
			buildActionMask = 2147483647;
			files = (
				3C58C83527342D04003A1F9D /* Alamofire in Frameworks */,
				3C58C83827342D11003A1F9D /* IQKeyboardManagerSwift in Frameworks */,
				D5924BFF284784C60098A5AE /* FirebaseAnalytics in Frameworks */,
				D53128742822E91700E05FC6 /* ReactorKit in Frameworks */,
				D5C0A908273A4235005F9E9B /* Kingfisher in Frameworks */,
				D5924C03284784C60098A5AE /* FirebaseDynamicLinks in Frameworks */,
				D5D44EC4277C81CF00C48D8E /* KeychainAccess in Frameworks */,
				D58C100F28221888008FB61E /* Then in Frameworks */,
				3C58C83E27342D30003A1F9D /* SnapKit in Frameworks */,
				76E48F5428D5A2ED002C0010 /* Parchment in Frameworks */,
				D5924C01284784C60098A5AE /* FirebaseAuth in Frameworks */,
				D5924C05284784C60098A5AE /* FirebaseMessaging in Frameworks */,
				3C58C83227342CEE003A1F9D /* Lottie in Frameworks */,
				3CC1B09F27436B8200A715C0 /* Tags in Frameworks */,
			);
			runOnlyForDeploymentPostprocessing = 0;
		};
/* End PBXFrameworksBuildPhase section */

/* Begin PBXGroup section */
		3C10AFC52732945100B1E973 /* Controller */ = {
			isa = PBXGroup;
			children = (
				FA12E7F72744CF4700EB8834 /* Auth */,
				D5EF98E827A0C894004E6E55 /* Search */,
				D57E8EB927401E360099AA63 /* Profile */,
				3C45E0C727313ADA002E3C8D /* TabBarController.swift */,
				3C10AFD22732981600B1E973 /* FeedController.swift */,
				3C968089273286F20020A72F /* UploadPostController.swift */,
				3C10AFD42732981F00B1E973 /* YouController.swift */,
			);
			path = Controller;
			sourceTree = "<group>";
		};
		3C10AFC9273296FC00B1E973 /* Model */ = {
			isa = PBXGroup;
			children = (
				D5C0A914273A4E8E005F9E9B /* User.swift */,
				D5EF98E627A0C442004E6E55 /* UserCellModel.swift */,
				FA3AC8382781DA3F00B8BDFF /* AuthUser.swift */,
				D58A56F0281FD58C00E7B740 /* MonthYear.swift */,
				FA43A16C282170EC00569D01 /* Search.swift */,
				FA556E4C2850745100934027 /* TagCellModel.swift */,
			);
			path = Model;
			sourceTree = "<group>";
		};
		3C10AFCA2732971500B1E973 /* View */ = {
			isa = PBXGroup;
			children = (
				FA12E7EE2744CBCE00EB8834 /* Auth */,
				3CA91E6F2733CFB600390A89 /* Authentication */,
				3CC1B09B2742BB6600A715C0 /* HorizontalSeperator.swift */,
				3CC1B0A027439C1D00A715C0 /* UploadPostInputAccessoryView.swift */,
				D5EF98DA279F8F23004E6E55 /* UserCell.swift */,
				FAF00A9A2806D36700E965B2 /* SearchRecentCell.swift */,
				FA5751562835316100C8581F /* TagCell.swift */,
			);
			path = View;
			sourceTree = "<group>";
		};
		3C10AFCB2732971E00B1E973 /* ViewModel */ = {
			isa = PBXGroup;
			children = (
				D57E8EBA274020820099AA63 /* ProfileViewModel.swift */,
				D5EF98DC279F92AD004E6E55 /* UserCellViewModel.swift */,
			);
			path = ViewModel;
			sourceTree = "<group>";
		};
		3C10AFD62732A01700B1E973 /* Utils */ = {
			isa = PBXGroup;
			children = (
				76E48F5028D57D7F002C0010 /* AlertBuilder.swift */,
				3C10AFD92732A06100B1E973 /* Extensions */,
			);
			path = Utils;
			sourceTree = "<group>";
		};
		3C10AFD92732A06100B1E973 /* Extensions */ = {
			isa = PBXGroup;
			children = (
				FA359D1B27E2032F0075412D /* NotificationNameExtension.swift */,
				3C10AFD72732A05A00B1E973 /* UIColorExtension.swift */,
				3C10AFDA2732A1C400B1E973 /* UIFontExtension.swift */,
				D57BEC0A274CEB8E00E65966 /* UITextFieldExtension.swift */,
			);
			path = Extensions;
			sourceTree = "<group>";
		};
		3C10AFDC2732A2FF00B1E973 /* Montserrat */ = {
			isa = PBXGroup;
			children = (
				3C10AFDF2732A33C00B1E973 /* Montserrat-Black.ttf */,
				3C10AFE12732A33D00B1E973 /* Montserrat-Bold.ttf */,
				3C10AFE02732A33D00B1E973 /* Montserrat-Light.ttf */,
				3C10AFE22732A33D00B1E973 /* Montserrat-Regular.ttf */,
				3C10AFDD2732A33C00B1E973 /* Montserrat-SemiBold.ttf */,
				3C10AFDE2732A33C00B1E973 /* Montserrat-Thin.ttf */,
				3C968083273271540020A72F /* Montserrat-Medium.ttf */,
			);
			path = Montserrat;
			sourceTree = "<group>";
		};
		3C10AFE92732A48400B1E973 /* CeraPro */ = {
			isa = PBXGroup;
			children = (
				3C10AFEB2732A49400B1E973 /* CeraPro-Black.otf */,
				3C10AFED2732A49400B1E973 /* CeraPro-Bold.otf */,
				3C10AFEC2732A49400B1E973 /* CeraPro-Light.otf */,
				3C10AFEA2732A49400B1E973 /* CeraPro-Medium.otf */,
			);
			path = CeraPro;
			sourceTree = "<group>";
		};
		3C10AFF22732A65C00B1E973 /* NotoSansKR */ = {
			isa = PBXGroup;
			children = (
				3C10AFF52732A67500B1E973 /* NotoSansKR-Black.otf */,
				3C10AFF62732A67500B1E973 /* NotoSansKR-Bold.otf */,
				3C10AFF82732A67600B1E973 /* NotoSansKR-Light.otf */,
				3C10AFF72732A67600B1E973 /* NotoSansKR-Medium.otf */,
				3C10AFF32732A67500B1E973 /* NotoSansKR-Regular.otf */,
				3C10AFF42732A67500B1E973 /* NotoSansKR-Thin.otf */,
			);
			path = NotoSansKR;
			sourceTree = "<group>";
		};
		3C45E0B727313AD9002E3C8D = {
			isa = PBXGroup;
			children = (
				D5D1223F273AD92F0022290E /* .github */,
				D5D12241273C5F9A0022290E /* CONTRIBUTING.md */,
				3C953CF22732C04D00B12039 /* .swiftlint.yml */,
				3C45E0C227313ADA002E3C8D /* Soil */,
				3C45E0C127313ADA002E3C8D /* Products */,
			);
			indentWidth = 2;
			sourceTree = "<group>";
			tabWidth = 2;
		};
		3C45E0C127313ADA002E3C8D /* Products */ = {
			isa = PBXGroup;
			children = (
				3C45E0C027313ADA002E3C8D /* Soil.app */,
			);
			name = Products;
			sourceTree = "<group>";
		};
		3C45E0C227313ADA002E3C8D /* Soil */ = {
			isa = PBXGroup;
			children = (
				3C10AFC9273296FC00B1E973 /* Model */,
				3C10AFCA2732971500B1E973 /* View */,
				3C10AFCB2732971E00B1E973 /* ViewModel */,
				3C10AFC52732945100B1E973 /* Controller */,
				D53128762822EAFA00E05FC6 /* Screen */,
				D58A56F2281FE20D00E7B740 /* Diffable */,
				3C58C83F273431F9003A1F9D /* API */,
				3C10AFD62732A01700B1E973 /* Utils */,
				D511D3482847B6680087E2E9 /* Service */,
				3C968081273270E90020A72F /* Supporting */,
				3C45E0CE27313ADB002E3C8D /* LaunchScreen.storyboard */,
				FA65791727EB5169006B5D6D /* Soil.entitlements */,
			);
			path = Soil;
			sourceTree = "<group>";
		};
		3C58C83F273431F9003A1F9D /* API */ = {
			isa = PBXGroup;
			children = (
				D5D0C4BA2798A19D00E96015 /* Service */,
				D5D0C4BB2798A1AA00E96015 /* Model */,
				D5D0C4BC2798A1B500E96015 /* Router */,
				D5D0C4BD2798A1C600E96015 /* Common */,
			);
			path = API;
			sourceTree = "<group>";
		};
		3C968081273270E90020A72F /* Supporting */ = {
			isa = PBXGroup;
			children = (
				FA635F212796EDEE002D63C6 /* GoogleService-Info.plist */,
				FA3D3E0E2744E87400A86040 /* Lottie */,
				3C45E0C327313ADA002E3C8D /* AppDelegate.swift */,
				3C45E0C527313ADA002E3C8D /* SceneDelegate.swift */,
				3CC62DC2278584B800362941 /* AppController.swift */,
				3C45E0CC27313ADB002E3C8D /* Assets.xcassets */,
				3C45E0D127313ADB002E3C8D /* Info.plist */,
				3C968082273270F20020A72F /* Fonts */,
			);
			path = Supporting;
			sourceTree = "<group>";
		};
		3C968082273270F20020A72F /* Fonts */ = {
			isa = PBXGroup;
			children = (
				3C10AFF22732A65C00B1E973 /* NotoSansKR */,
				3C10AFE92732A48400B1E973 /* CeraPro */,
				3C10AFDC2732A2FF00B1E973 /* Montserrat */,
			);
			path = Fonts;
			sourceTree = "<group>";
		};
		3CA91E6F2733CFB600390A89 /* Authentication */ = {
			isa = PBXGroup;
			children = (
				3CA91E6B2733CD3C00390A89 /* AuthTextField.swift */,
				3CA91E6D2733CF6400390A89 /* AuthButton.swift */,
			);
			path = Authentication;
			sourceTree = "<group>";
		};
		D511D3482847B6680087E2E9 /* Service */ = {
			isa = PBXGroup;
			children = (
				D511D34B2847BA610087E2E9 /* NotificationService.swift */,
			);
			path = Service;
			sourceTree = "<group>";
		};
		D53128642822E72B00E05FC6 /* Timeline */ = {
			isa = PBXGroup;
			children = (
				D53128792822ED7A00E05FC6 /* SubView */,
				D53128782822ED0000E05FC6 /* Cell */,
				D53128682822E72B00E05FC6 /* DayTimeline */,
				D53128652822E72B00E05FC6 /* MonthTimeline */,
				D531286A2822E72B00E05FC6 /* YearTimeline */,
			);
			path = Timeline;
			sourceTree = "<group>";
		};
		D53128652822E72B00E05FC6 /* MonthTimeline */ = {
			isa = PBXGroup;
			children = (
				D53128672822E72B00E05FC6 /* MonthTimelineController.swift */,
				D53128662822E72B00E05FC6 /* MonthTimelineController+CompositionalLayout.swift */,
			);
			path = MonthTimeline;
			sourceTree = "<group>";
		};
		D53128682822E72B00E05FC6 /* DayTimeline */ = {
			isa = PBXGroup;
			children = (
				D53128692822E72B00E05FC6 /* DayController.swift */,
			);
			path = DayTimeline;
			sourceTree = "<group>";
		};
		D531286A2822E72B00E05FC6 /* YearTimeline */ = {
			isa = PBXGroup;
			children = (
				D531286C2822E72B00E05FC6 /* YearTimelineController.swift */,
				D531286B2822E72B00E05FC6 /* YearTimelineController+CompositionalLayout.swift */,
			);
			path = YearTimeline;
			sourceTree = "<group>";
		};
		D53128762822EAFA00E05FC6 /* Screen */ = {
			isa = PBXGroup;
			children = (
				D53128642822E72B00E05FC6 /* Timeline */,
			);
			path = Screen;
			sourceTree = "<group>";
		};
		D53128782822ED0000E05FC6 /* Cell */ = {
			isa = PBXGroup;
			children = (
				D58A56F62820D0EC00E7B740 /* TimelineLoaderCollectionViewCell.swift */,
				D58A56EE281FD3DD00E7B740 /* TimelineCell.swift */,
			);
			path = Cell;
			sourceTree = "<group>";
		};
		D53128792822ED7A00E05FC6 /* SubView */ = {
			isa = PBXGroup;
			children = (
				D58A56FA2820EE1100E7B740 /* TimelineSectionHeaderView.swift */,
			);
			path = SubView;
			sourceTree = "<group>";
		};
		D57E8EB927401E360099AA63 /* Profile */ = {
			isa = PBXGroup;
			children = (
				D5D12243273D1E230022290E /* ProfileController.swift */,
				D57E8EB52740182E0099AA63 /* UserStatController.swift */,
				D57E8EB727401C9A0099AA63 /* EditProfileController.swift */,
			);
			path = Profile;
			sourceTree = "<group>";
		};
		D58A56F2281FE20D00E7B740 /* Diffable */ = {
			isa = PBXGroup;
			children = (
				D58A56F3281FE22C00E7B740 /* Month */,
				D58C101428221B95008FB61E /* Year */,
			);
			path = Diffable;
			sourceTree = "<group>";
		};
		D58A56F3281FE22C00E7B740 /* Month */ = {
			isa = PBXGroup;
			children = (
				D58A56F4281FE24500E7B740 /* MonthTimelineSection.swift */,
				D58A56F82820D53300E7B740 /* MonthTimelineItem.swift */,
			);
			path = Month;
			sourceTree = "<group>";
		};
		D58C101428221B95008FB61E /* Year */ = {
			isa = PBXGroup;
			children = (
				D58C101028221B33008FB61E /* YearTimelineSection.swift */,
				D58C101228221B6D008FB61E /* YearTimelineItem.swift */,
			);
			path = Year;
			sourceTree = "<group>";
		};
		D5D0C4BA2798A19D00E96015 /* Service */ = {
			isa = PBXGroup;
			children = (
				D5C0A916273A5032005F9E9B /* UserService.swift */,
				D5C0A910273A4B91005F9E9B /* AuthService.swift */,
				D548524B27C15AD800DDA2D1 /* FollowService.swift */,
				D5EF98E427A0C35C004E6E55 /* SearchService.swift */,
				3CEC29E427CB6ACA00294531 /* PostService.swift */,
			);
			path = Service;
			sourceTree = "<group>";
		};
		D5D0C4BB2798A1AA00E96015 /* Model */ = {
			isa = PBXGroup;
			children = (
				D54299CF27BB97BE002BF0EC /* GeneralResponse.swift */,
				D5D0C4B527975DCD00E96015 /* UserRequest.swift */,
				FA33A23E27C3BD5500E29DF5 /* AuthRequest.swift */,
				D548524927C159E900DDA2D1 /* FollowRequest.swift */,
				D5EF98E2279FE3DF004E6E55 /* SearchRequest.swift */,
				3CEC29E627CB71C000294531 /* PostUploadRequest.swift */,
			);
			path = Model;
			sourceTree = "<group>";
		};
		D5D0C4BC2798A1B500E96015 /* Router */ = {
			isa = PBXGroup;
			children = (
				D569A3912796ADD400B7BA4A /* UserRouter.swift */,
				FA33A24027C3BD8500E29DF5 /* AuthRouter.swift */,
				D548524727C1592500DDA2D1 /* FollowRouter.swift */,
				D5EF98E0279FE220004E6E55 /* SearchRouter.swift */,
				3CEC29E827CB803400294531 /* PostRouter.swift */,
			);
			path = Router;
			sourceTree = "<group>";
		};
		D5D0C4BD2798A1C600E96015 /* Common */ = {
			isa = PBXGroup;
			children = (
				D569A3932796EF2C00B7BA4A /* APIConfiguration.swift */,
				D569A38B2796A19100B7BA4A /* AFManager.swift */,
				D569A38D2796A27800B7BA4A /* BaseInterceptor.swift */,
				D569A38F2796A95300B7BA4A /* MyLogger.swift */,
			);
			path = Common;
			sourceTree = "<group>";
		};
		D5EF98E827A0C894004E6E55 /* Search */ = {
			isa = PBXGroup;
			children = (
				D56CB272279E0ACF0087FCC8 /* SearchController.swift */,
				D5EF98DE279FB366004E6E55 /* SearchResultsTableController.swift */,
			);
			path = Search;
			sourceTree = "<group>";
		};
		FA12E7EE2744CBCE00EB8834 /* Auth */ = {
			isa = PBXGroup;
			children = (
				FA12E7EF2744CC7D00EB8834 /* CustomPasswordTextField.swift */,
				FA12E7F12744CC7D00EB8834 /* Auth.storyboard */,
			);
			path = Auth;
			sourceTree = "<group>";
		};
		FA12E7F72744CF4700EB8834 /* Auth */ = {
			isa = PBXGroup;
			children = (
				FA3D3E0C2744D51700A86040 /* LoginHomeController.swift */,
				FA12E7FE2744CFB000EB8834 /* LoginController.swift */,
				FA12E7F82744CFB000EB8834 /* EmailInputViewController.swift */,
				FA12E7FC2744CFB000EB8834 /* EmailConfirmController.swift */,
				FA12E7FD2744CFB000EB8834 /* PasswordInputController.swift */,
				FA12E7FB2744CFB000EB8834 /* NickNameInputController.swift */,
				FA12E7FF2744CFB000EB8834 /* NameInputController.swift */,
				FA12E7FA2744CFB000EB8834 /* ProfileInputController.swift */,
				FA3D3E132744EB0E00A86040 /* SignUpCompletedController.swift */,
			);
			path = Auth;
			sourceTree = "<group>";
		};
		FA3D3E0E2744E87400A86040 /* Lottie */ = {
			isa = PBXGroup;
			children = (
				FA43FC582751165700A020D6 /* 70170-success-check.json */,
				FA43FC552751158000A020D6 /* 20425-emailtitle.json */,
			);
			path = Lottie;
			sourceTree = "<group>";
		};
/* End PBXGroup section */

/* Begin PBXNativeTarget section */
		3C45E0BF27313AD9002E3C8D /* Soil */ = {
			isa = PBXNativeTarget;
			buildConfigurationList = 3C45E0D427313ADB002E3C8D /* Build configuration list for PBXNativeTarget "Soil" */;
			buildPhases = (
				3C576CBA2732B2F7006FB222 /* SwiftLint Script */,
				3C45E0BC27313AD9002E3C8D /* Sources */,
				3C45E0BD27313AD9002E3C8D /* Frameworks */,
				3C45E0BE27313AD9002E3C8D /* Resources */,
			);
			buildRules = (
			);
			dependencies = (
			);
			name = Soil;
			packageProductDependencies = (
				3C58C83127342CEE003A1F9D /* Lottie */,
				3C58C83427342D04003A1F9D /* Alamofire */,
				3C58C83727342D11003A1F9D /* IQKeyboardManagerSwift */,
				3C58C83D27342D30003A1F9D /* SnapKit */,
				D5C0A907273A4235005F9E9B /* Kingfisher */,
				3CC1B09E27436B8200A715C0 /* Tags */,
				D5D44EC3277C81CF00C48D8E /* KeychainAccess */,
				D58C100E28221888008FB61E /* Then */,
				D53128732822E91700E05FC6 /* ReactorKit */,
				D5924BFE284784C60098A5AE /* FirebaseAnalytics */,
				D5924C00284784C60098A5AE /* FirebaseAuth */,
				D5924C02284784C60098A5AE /* FirebaseDynamicLinks */,
				D5924C04284784C60098A5AE /* FirebaseMessaging */,
				76E48F5328D5A2ED002C0010 /* Parchment */,
			);
			productName = Soil;
			productReference = 3C45E0C027313ADA002E3C8D /* Soil.app */;
			productType = "com.apple.product-type.application";
		};
/* End PBXNativeTarget section */

/* Begin PBXProject section */
		3C45E0B827313AD9002E3C8D /* Project object */ = {
			isa = PBXProject;
			attributes = {
				BuildIndependentTargetsInParallel = 1;
				LastSwiftUpdateCheck = 1310;
				LastUpgradeCheck = 1310;
				TargetAttributes = {
					3C45E0BF27313AD9002E3C8D = {
						CreatedOnToolsVersion = 13.1;
					};
				};
			};
			buildConfigurationList = 3C45E0BB27313AD9002E3C8D /* Build configuration list for PBXProject "Soil" */;
			compatibilityVersion = "Xcode 13.0";
			developmentRegion = en;
			hasScannedForEncodings = 0;
			knownRegions = (
				en,
				Base,
			);
			mainGroup = 3C45E0B727313AD9002E3C8D;
			packageReferences = (
				3C58C83027342CEE003A1F9D /* XCRemoteSwiftPackageReference "lottie-ios" */,
				3C58C83327342D03003A1F9D /* XCRemoteSwiftPackageReference "Alamofire" */,
				3C58C83627342D11003A1F9D /* XCRemoteSwiftPackageReference "IQKeyboardManager" */,
				3C58C83C27342D30003A1F9D /* XCRemoteSwiftPackageReference "SnapKit" */,
				D5C0A906273A4235005F9E9B /* XCRemoteSwiftPackageReference "Kingfisher" */,
				3CC1B09D27436B8100A715C0 /* XCRemoteSwiftPackageReference "Tags" */,
				D5D44EC2277C81CE00C48D8E /* XCRemoteSwiftPackageReference "KeychainAccess" */,
				D58C100D28221888008FB61E /* XCRemoteSwiftPackageReference "Then" */,
				D53128722822E91700E05FC6 /* XCRemoteSwiftPackageReference "ReactorKit" */,
				D5924BFD284784C60098A5AE /* XCRemoteSwiftPackageReference "firebase-ios-sdk" */,
				76E48F5228D5A2ED002C0010 /* XCRemoteSwiftPackageReference "Parchment" */,
			);
			productRefGroup = 3C45E0C127313ADA002E3C8D /* Products */;
			projectDirPath = "";
			projectRoot = "";
			targets = (
				3C45E0BF27313AD9002E3C8D /* Soil */,
			);
		};
/* End PBXProject section */

/* Begin PBXResourcesBuildPhase section */
		3C45E0BE27313AD9002E3C8D /* Resources */ = {
			isa = PBXResourcesBuildPhase;
			buildActionMask = 2147483647;
			files = (
				3C10AFFA2732A67600B1E973 /* NotoSansKR-Thin.otf in Resources */,
				3C10AFEE2732A49400B1E973 /* CeraPro-Medium.otf in Resources */,
				3C10AFF12732A49400B1E973 /* CeraPro-Bold.otf in Resources */,
				D5D12242273C5F9A0022290E /* CONTRIBUTING.md in Resources */,
				3C10AFE82732A33D00B1E973 /* Montserrat-Regular.ttf in Resources */,
				3C10AFE62732A33D00B1E973 /* Montserrat-Light.ttf in Resources */,
				3C10AFF92732A67600B1E973 /* NotoSansKR-Regular.otf in Resources */,
				3C10AFFE2732A67600B1E973 /* NotoSansKR-Light.otf in Resources */,
				FA12E7F42744CC7D00EB8834 /* Auth.storyboard in Resources */,
				3C45E0D027313ADB002E3C8D /* LaunchScreen.storyboard in Resources */,
				3C10AFFD2732A67600B1E973 /* NotoSansKR-Medium.otf in Resources */,
				3C10AFE32732A33D00B1E973 /* Montserrat-SemiBold.ttf in Resources */,
				3C968084273271540020A72F /* Montserrat-Medium.ttf in Resources */,
				FA635F222796EDEE002D63C6 /* GoogleService-Info.plist in Resources */,
				FA43FC592751165700A020D6 /* 70170-success-check.json in Resources */,
				3C10AFF02732A49400B1E973 /* CeraPro-Light.otf in Resources */,
				D5D12240273AD92F0022290E /* .github in Resources */,
				3C10AFFB2732A67600B1E973 /* NotoSansKR-Black.otf in Resources */,
				3C45E0CD27313ADB002E3C8D /* Assets.xcassets in Resources */,
				3C10AFFC2732A67600B1E973 /* NotoSansKR-Bold.otf in Resources */,
				3C10AFE42732A33D00B1E973 /* Montserrat-Thin.ttf in Resources */,
				3C10AFEF2732A49400B1E973 /* CeraPro-Black.otf in Resources */,
				3C953CF32732C04D00B12039 /* .swiftlint.yml in Resources */,
				3C10AFE72732A33D00B1E973 /* Montserrat-Bold.ttf in Resources */,
				3C10AFE52732A33D00B1E973 /* Montserrat-Black.ttf in Resources */,
				FA43FC572751158000A020D6 /* 20425-emailtitle.json in Resources */,
			);
			runOnlyForDeploymentPostprocessing = 0;
		};
/* End PBXResourcesBuildPhase section */

/* Begin PBXShellScriptBuildPhase section */
		3C576CBA2732B2F7006FB222 /* SwiftLint Script */ = {
			isa = PBXShellScriptBuildPhase;
			buildActionMask = 2147483647;
			files = (
			);
			inputFileListPaths = (
			);
			inputPaths = (
			);
			name = "SwiftLint Script";
			outputFileListPaths = (
			);
			outputPaths = (
			);
			runOnlyForDeploymentPostprocessing = 0;
			shellPath = /bin/sh;
			shellScript = "# Apple Silicon인 경우 PATH 변경\nif test -d \"/opt/homebrew/bin/\"; then\n    PATH=\"/opt/homebrew/bin/:${PATH}\"\nfi\n\nexport PATH\n\nif which swiftlint >/dev/null; then\n    if [ \"${CONFIGURATION}\" = \"DEV\" ]; then\n        swiftlint autocorrect\n        echo \"Swift Lint run\"\n    fi\nelse\n    echo \"warning: SwiftLint not installed, download from https://github.com/realm/SwiftLint\"\nfi\n";
		};
/* End PBXShellScriptBuildPhase section */

/* Begin PBXSourcesBuildPhase section */
		3C45E0BC27313AD9002E3C8D /* Sources */ = {
			isa = PBXSourcesBuildPhase;
			buildActionMask = 2147483647;
			files = (
				3C10AFD52732981F00B1E973 /* YouController.swift in Sources */,
				D58A56F92820D53300E7B740 /* MonthTimelineItem.swift in Sources */,
				D5D12244273D1E230022290E /* ProfileController.swift in Sources */,
				D5EF98E1279FE220004E6E55 /* SearchRouter.swift in Sources */,
				D511D34C2847BA610087E2E9 /* NotificationService.swift in Sources */,
				D58C101128221B33008FB61E /* YearTimelineSection.swift in Sources */,
				D58A56FB2820EE1100E7B740 /* TimelineSectionHeaderView.swift in Sources */,
				3CC1B0A127439C1D00A715C0 /* UploadPostInputAccessoryView.swift in Sources */,
				D569A38E2796A27800B7BA4A /* BaseInterceptor.swift in Sources */,
				FA12E8052744CFB000EB8834 /* PasswordInputController.swift in Sources */,
				FAF00A9B2806D36700E965B2 /* SearchRecentCell.swift in Sources */,
				3CC1B09C2742BB6600A715C0 /* HorizontalSeperator.swift in Sources */,
				D58A56EF281FD3DD00E7B740 /* TimelineCell.swift in Sources */,
				D57BEC0B274CEB8E00E65966 /* UITextFieldExtension.swift in Sources */,
				D54299D027BB97BE002BF0EC /* GeneralResponse.swift in Sources */,
				3CEC29E927CB803400294531 /* PostRouter.swift in Sources */,
				D569A3902796A95300B7BA4A /* MyLogger.swift in Sources */,
				FA5751572835316100C8581F /* TagCell.swift in Sources */,
				FA12E8022744CFB000EB8834 /* ProfileInputController.swift in Sources */,
				FA43A16D282170EC00569D01 /* Search.swift in Sources */,
				D57E8EB62740182E0099AA63 /* UserStatController.swift in Sources */,
				D58A56F5281FE24500E7B740 /* MonthTimelineSection.swift in Sources */,
				D5EF98E3279FE3DF004E6E55 /* SearchRequest.swift in Sources */,
				3CA91E6E2733CF6400390A89 /* AuthButton.swift in Sources */,
				3CC62DC3278584B800362941 /* AppController.swift in Sources */,
				FA12E8042744CFB000EB8834 /* EmailConfirmController.swift in Sources */,
				D56CB273279E0ACF0087FCC8 /* SearchController.swift in Sources */,
				3C10AFD82732A05A00B1E973 /* UIColorExtension.swift in Sources */,
				FA3D3E0D2744D51700A86040 /* LoginHomeController.swift in Sources */,
				D5EF98DD279F92AD004E6E55 /* UserCellViewModel.swift in Sources */,
				D569A3942796EF2C00B7BA4A /* APIConfiguration.swift in Sources */,
				FA3D3E142744EB0E00A86040 /* SignUpCompletedController.swift in Sources */,
				FA3AC8392781DA3F00B8BDFF /* AuthUser.swift in Sources */,
				3C10AFDB2732A1C400B1E973 /* UIFontExtension.swift in Sources */,
				3C45E0C827313ADA002E3C8D /* TabBarController.swift in Sources */,
				D5D0C4B627975DCD00E96015 /* UserRequest.swift in Sources */,
				D53128712822E72B00E05FC6 /* YearTimelineController.swift in Sources */,
				FA359D1C27E203300075412D /* NotificationNameExtension.swift in Sources */,
				D548524827C1592500DDA2D1 /* FollowRouter.swift in Sources */,
				D58C101328221B6D008FB61E /* YearTimelineItem.swift in Sources */,
				D57E8EBB274020820099AA63 /* ProfileViewModel.swift in Sources */,
				FA12E8072744CFB000EB8834 /* NameInputController.swift in Sources */,
				FA12E8062744CFB000EB8834 /* LoginController.swift in Sources */,
				D531286D2822E72B00E05FC6 /* MonthTimelineController+CompositionalLayout.swift in Sources */,
				D53128702822E72B00E05FC6 /* YearTimelineController+CompositionalLayout.swift in Sources */,
				D5C0A911273A4B91005F9E9B /* AuthService.swift in Sources */,
				D58A56F72820D0EC00E7B740 /* TimelineLoaderCollectionViewCell.swift in Sources */,
				D5C0A915273A4E8E005F9E9B /* User.swift in Sources */,
				D569A38C2796A19100B7BA4A /* AFManager.swift in Sources */,
				3C10AFD32732981600B1E973 /* FeedController.swift in Sources */,
				D5EF98DB279F8F23004E6E55 /* UserCell.swift in Sources */,
				D569A3922796ADD400B7BA4A /* UserRouter.swift in Sources */,
				D5EF98E527A0C35D004E6E55 /* SearchService.swift in Sources */,
				D548524C27C15AD800DDA2D1 /* FollowService.swift in Sources */,
				D548524A27C159E900DDA2D1 /* FollowRequest.swift in Sources */,
				D5EF98E727A0C442004E6E55 /* UserCellModel.swift in Sources */,
				D5EF98DF279FB367004E6E55 /* SearchResultsTableController.swift in Sources */,
				D531286F2822E72B00E05FC6 /* DayController.swift in Sources */,
				3CEC29E527CB6ACA00294531 /* PostService.swift in Sources */,
				D57E8EB827401C9A0099AA63 /* EditProfileController.swift in Sources */,
				3C45E0C427313ADA002E3C8D /* AppDelegate.swift in Sources */,
				3C96808A273286F20020A72F /* UploadPostController.swift in Sources */,
				FA12E7F22744CC7D00EB8834 /* CustomPasswordTextField.swift in Sources */,
				D531286E2822E72B00E05FC6 /* MonthTimelineController.swift in Sources */,
				3CEC29E727CB71C000294531 /* PostUploadRequest.swift in Sources */,
				FA12E8032744CFB000EB8834 /* NickNameInputController.swift in Sources */,
				D5C0A917273A5032005F9E9B /* UserService.swift in Sources */,
				FA556E4D2850745100934027 /* TagCellModel.swift in Sources */,
				FA12E8002744CFB000EB8834 /* EmailInputViewController.swift in Sources */,
				76E48F5128D57D7F002C0010 /* AlertBuilder.swift in Sources */,
				3C45E0C627313ADA002E3C8D /* SceneDelegate.swift in Sources */,
				FA33A23F27C3BD5500E29DF5 /* AuthRequest.swift in Sources */,
				D58A56F1281FD58C00E7B740 /* MonthYear.swift in Sources */,
				FA33A24127C3BD8500E29DF5 /* AuthRouter.swift in Sources */,
				3CA91E6C2733CD3C00390A89 /* AuthTextField.swift in Sources */,
			);
			runOnlyForDeploymentPostprocessing = 0;
		};
/* End PBXSourcesBuildPhase section */

/* Begin PBXVariantGroup section */
		3C45E0CE27313ADB002E3C8D /* LaunchScreen.storyboard */ = {
			isa = PBXVariantGroup;
			children = (
				3C45E0CF27313ADB002E3C8D /* Base */,
			);
			name = LaunchScreen.storyboard;
			sourceTree = "<group>";
		};
/* End PBXVariantGroup section */

/* Begin XCBuildConfiguration section */
		3C45E0D227313ADB002E3C8D /* Debug */ = {
			isa = XCBuildConfiguration;
			buildSettings = {
				ALWAYS_SEARCH_USER_PATHS = NO;
				CLANG_ANALYZER_NONNULL = YES;
				CLANG_ANALYZER_NUMBER_OBJECT_CONVERSION = YES_AGGRESSIVE;
				CLANG_CXX_LANGUAGE_STANDARD = "gnu++17";
				CLANG_CXX_LIBRARY = "libc++";
				CLANG_ENABLE_MODULES = YES;
				CLANG_ENABLE_OBJC_ARC = YES;
				CLANG_ENABLE_OBJC_WEAK = YES;
				CLANG_WARN_BLOCK_CAPTURE_AUTORELEASING = YES;
				CLANG_WARN_BOOL_CONVERSION = YES;
				CLANG_WARN_COMMA = YES;
				CLANG_WARN_CONSTANT_CONVERSION = YES;
				CLANG_WARN_DEPRECATED_OBJC_IMPLEMENTATIONS = YES;
				CLANG_WARN_DIRECT_OBJC_ISA_USAGE = YES_ERROR;
				CLANG_WARN_DOCUMENTATION_COMMENTS = YES;
				CLANG_WARN_EMPTY_BODY = YES;
				CLANG_WARN_ENUM_CONVERSION = YES;
				CLANG_WARN_INFINITE_RECURSION = YES;
				CLANG_WARN_INT_CONVERSION = YES;
				CLANG_WARN_NON_LITERAL_NULL_CONVERSION = YES;
				CLANG_WARN_OBJC_IMPLICIT_RETAIN_SELF = YES;
				CLANG_WARN_OBJC_LITERAL_CONVERSION = YES;
				CLANG_WARN_OBJC_ROOT_CLASS = YES_ERROR;
				CLANG_WARN_QUOTED_INCLUDE_IN_FRAMEWORK_HEADER = YES;
				CLANG_WARN_RANGE_LOOP_ANALYSIS = YES;
				CLANG_WARN_STRICT_PROTOTYPES = YES;
				CLANG_WARN_SUSPICIOUS_MOVE = YES;
				CLANG_WARN_UNGUARDED_AVAILABILITY = YES_AGGRESSIVE;
				CLANG_WARN_UNREACHABLE_CODE = YES;
				CLANG_WARN__DUPLICATE_METHOD_MATCH = YES;
				COPY_PHASE_STRIP = NO;
				DEBUG_INFORMATION_FORMAT = dwarf;
				ENABLE_STRICT_OBJC_MSGSEND = YES;
				ENABLE_TESTABILITY = YES;
				GCC_C_LANGUAGE_STANDARD = gnu11;
				GCC_DYNAMIC_NO_PIC = NO;
				GCC_NO_COMMON_BLOCKS = YES;
				GCC_OPTIMIZATION_LEVEL = 0;
				GCC_PREPROCESSOR_DEFINITIONS = (
					"DEBUG=1",
					"$(inherited)",
				);
				GCC_WARN_64_TO_32_BIT_CONVERSION = YES;
				GCC_WARN_ABOUT_RETURN_TYPE = YES_ERROR;
				GCC_WARN_UNDECLARED_SELECTOR = YES;
				GCC_WARN_UNINITIALIZED_AUTOS = YES_AGGRESSIVE;
				GCC_WARN_UNUSED_FUNCTION = YES;
				GCC_WARN_UNUSED_VARIABLE = YES;
				INFOPLIST_FILE = "";
				IPHONEOS_DEPLOYMENT_TARGET = 15.0;
				MTL_ENABLE_DEBUG_INFO = INCLUDE_SOURCE;
				MTL_FAST_MATH = YES;
				ONLY_ACTIVE_ARCH = YES;
				SDKROOT = iphoneos;
				SWIFT_ACTIVE_COMPILATION_CONDITIONS = DEBUG;
				SWIFT_OPTIMIZATION_LEVEL = "-Onone";
				SWIFT_VERSION = 5.0;
			};
			name = Debug;
		};
		3C45E0D327313ADB002E3C8D /* Release */ = {
			isa = XCBuildConfiguration;
			buildSettings = {
				ALWAYS_SEARCH_USER_PATHS = NO;
				CLANG_ANALYZER_NONNULL = YES;
				CLANG_ANALYZER_NUMBER_OBJECT_CONVERSION = YES_AGGRESSIVE;
				CLANG_CXX_LANGUAGE_STANDARD = "gnu++17";
				CLANG_CXX_LIBRARY = "libc++";
				CLANG_ENABLE_MODULES = YES;
				CLANG_ENABLE_OBJC_ARC = YES;
				CLANG_ENABLE_OBJC_WEAK = YES;
				CLANG_WARN_BLOCK_CAPTURE_AUTORELEASING = YES;
				CLANG_WARN_BOOL_CONVERSION = YES;
				CLANG_WARN_COMMA = YES;
				CLANG_WARN_CONSTANT_CONVERSION = YES;
				CLANG_WARN_DEPRECATED_OBJC_IMPLEMENTATIONS = YES;
				CLANG_WARN_DIRECT_OBJC_ISA_USAGE = YES_ERROR;
				CLANG_WARN_DOCUMENTATION_COMMENTS = YES;
				CLANG_WARN_EMPTY_BODY = YES;
				CLANG_WARN_ENUM_CONVERSION = YES;
				CLANG_WARN_INFINITE_RECURSION = YES;
				CLANG_WARN_INT_CONVERSION = YES;
				CLANG_WARN_NON_LITERAL_NULL_CONVERSION = YES;
				CLANG_WARN_OBJC_IMPLICIT_RETAIN_SELF = YES;
				CLANG_WARN_OBJC_LITERAL_CONVERSION = YES;
				CLANG_WARN_OBJC_ROOT_CLASS = YES_ERROR;
				CLANG_WARN_QUOTED_INCLUDE_IN_FRAMEWORK_HEADER = YES;
				CLANG_WARN_RANGE_LOOP_ANALYSIS = YES;
				CLANG_WARN_STRICT_PROTOTYPES = YES;
				CLANG_WARN_SUSPICIOUS_MOVE = YES;
				CLANG_WARN_UNGUARDED_AVAILABILITY = YES_AGGRESSIVE;
				CLANG_WARN_UNREACHABLE_CODE = YES;
				CLANG_WARN__DUPLICATE_METHOD_MATCH = YES;
				COPY_PHASE_STRIP = NO;
				DEBUG_INFORMATION_FORMAT = "dwarf-with-dsym";
				ENABLE_NS_ASSERTIONS = NO;
				ENABLE_STRICT_OBJC_MSGSEND = YES;
				GCC_C_LANGUAGE_STANDARD = gnu11;
				GCC_NO_COMMON_BLOCKS = YES;
				GCC_WARN_64_TO_32_BIT_CONVERSION = YES;
				GCC_WARN_ABOUT_RETURN_TYPE = YES_ERROR;
				GCC_WARN_UNDECLARED_SELECTOR = YES;
				GCC_WARN_UNINITIALIZED_AUTOS = YES_AGGRESSIVE;
				GCC_WARN_UNUSED_FUNCTION = YES;
				GCC_WARN_UNUSED_VARIABLE = YES;
				INFOPLIST_FILE = "";
				IPHONEOS_DEPLOYMENT_TARGET = 15.0;
				MTL_ENABLE_DEBUG_INFO = NO;
				MTL_FAST_MATH = YES;
				SDKROOT = iphoneos;
				SWIFT_COMPILATION_MODE = wholemodule;
				SWIFT_OPTIMIZATION_LEVEL = "-O";
				SWIFT_VERSION = 5.0;
				VALIDATE_PRODUCT = YES;
			};
			name = Release;
		};
		3C45E0D527313ADB002E3C8D /* Debug */ = {
			isa = XCBuildConfiguration;
			buildSettings = {
				ASSETCATALOG_COMPILER_APPICON_NAME = AppIcon;
				ASSETCATALOG_COMPILER_GLOBAL_ACCENT_COLOR_NAME = AccentColor;
				CODE_SIGN_ENTITLEMENTS = Soil/Soil.entitlements;
				CODE_SIGN_IDENTITY = "Apple Development";
				CODE_SIGN_STYLE = Automatic;
				CURRENT_PROJECT_VERSION = 1;
				DEVELOPMENT_TEAM = QHPW755BR8;
				GENERATE_INFOPLIST_FILE = YES;
				INFOPLIST_FILE = Soil/Supporting/Info.plist;
				INFOPLIST_KEY_CFBundleDisplayName = "소일";
				INFOPLIST_KEY_NSPhotoLibraryUsageDescription = "\"일기장 사진 작성을 위해 사용자의 사진첩 접근 허가가 필요합니다.\"";
				INFOPLIST_KEY_UIApplicationSupportsIndirectInputEvents = YES;
				INFOPLIST_KEY_UILaunchStoryboardName = LaunchScreen;
				INFOPLIST_KEY_UIMainStoryboardFile = LaunchScreen;
				INFOPLIST_KEY_UISupportedInterfaceOrientations_iPad = "UIInterfaceOrientationPortrait UIInterfaceOrientationPortraitUpsideDown UIInterfaceOrientationLandscapeLeft UIInterfaceOrientationLandscapeRight";
				INFOPLIST_KEY_UISupportedInterfaceOrientations_iPhone = "UIInterfaceOrientationPortrait UIInterfaceOrientationLandscapeLeft UIInterfaceOrientationLandscapeRight";
				INFOPLIST_KEY_UIUserInterfaceStyle = Light;
				IPHONEOS_DEPLOYMENT_TARGET = 15.0;
				LD_RUNPATH_SEARCH_PATHS = (
					"$(inherited)",
					"@executable_path/Frameworks",
				);
				MARKETING_VERSION = 1.0;
				PRODUCT_BUNDLE_IDENTIFIER = com.chuncheonian.Soil;
				PRODUCT_NAME = "$(TARGET_NAME)";
				PROVISIONING_PROFILE_SPECIFIER = "";
				SUPPORTED_PLATFORMS = "iphoneos iphonesimulator";
				SUPPORTS_MACCATALYST = NO;
				SUPPORTS_MAC_DESIGNED_FOR_IPHONE_IPAD = YES;
				SWIFT_EMIT_LOC_STRINGS = YES;
				SWIFT_OPTIMIZE_OBJECT_LIFETIME = YES;
				SWIFT_VERSION = 5.0;
				TARGETED_DEVICE_FAMILY = "1,2";
			};
			name = Debug;
		};
		3C45E0D627313ADB002E3C8D /* Release */ = {
			isa = XCBuildConfiguration;
			buildSettings = {
				ASSETCATALOG_COMPILER_APPICON_NAME = AppIcon;
				ASSETCATALOG_COMPILER_GLOBAL_ACCENT_COLOR_NAME = AccentColor;
				CODE_SIGN_ENTITLEMENTS = Soil/Soil.entitlements;
				CODE_SIGN_IDENTITY = "Apple Development";
				CODE_SIGN_STYLE = Automatic;
				CURRENT_PROJECT_VERSION = 1;
				DEVELOPMENT_TEAM = QHPW755BR8;
				GENERATE_INFOPLIST_FILE = YES;
				INFOPLIST_FILE = Soil/Supporting/Info.plist;
				INFOPLIST_KEY_CFBundleDisplayName = "소일";
				INFOPLIST_KEY_NSPhotoLibraryUsageDescription = "\"일기장 사진 작성을 위해 사용자의 사진첩 접근 허가가 필요합니다.\"";
				INFOPLIST_KEY_UIApplicationSupportsIndirectInputEvents = YES;
				INFOPLIST_KEY_UILaunchStoryboardName = LaunchScreen;
				INFOPLIST_KEY_UIMainStoryboardFile = LaunchScreen;
				INFOPLIST_KEY_UISupportedInterfaceOrientations_iPad = "UIInterfaceOrientationPortrait UIInterfaceOrientationPortraitUpsideDown UIInterfaceOrientationLandscapeLeft UIInterfaceOrientationLandscapeRight";
				INFOPLIST_KEY_UISupportedInterfaceOrientations_iPhone = "UIInterfaceOrientationPortrait UIInterfaceOrientationLandscapeLeft UIInterfaceOrientationLandscapeRight";
				INFOPLIST_KEY_UIUserInterfaceStyle = Light;
				IPHONEOS_DEPLOYMENT_TARGET = 15.0;
				LD_RUNPATH_SEARCH_PATHS = (
					"$(inherited)",
					"@executable_path/Frameworks",
				);
				MARKETING_VERSION = 1.0;
				PRODUCT_BUNDLE_IDENTIFIER = com.chuncheonian.Soil;
				PRODUCT_NAME = "$(TARGET_NAME)";
				PROVISIONING_PROFILE_SPECIFIER = "";
				SUPPORTED_PLATFORMS = "iphoneos iphonesimulator";
				SUPPORTS_MACCATALYST = NO;
				SUPPORTS_MAC_DESIGNED_FOR_IPHONE_IPAD = YES;
				SWIFT_EMIT_LOC_STRINGS = YES;
				SWIFT_OPTIMIZE_OBJECT_LIFETIME = YES;
				SWIFT_VERSION = 5.0;
				TARGETED_DEVICE_FAMILY = "1,2";
			};
			name = Release;
		};
/* End XCBuildConfiguration section */

/* Begin XCConfigurationList section */
		3C45E0BB27313AD9002E3C8D /* Build configuration list for PBXProject "Soil" */ = {
			isa = XCConfigurationList;
			buildConfigurations = (
				3C45E0D227313ADB002E3C8D /* Debug */,
				3C45E0D327313ADB002E3C8D /* Release */,
			);
			defaultConfigurationIsVisible = 0;
			defaultConfigurationName = Debug;
		};
		3C45E0D427313ADB002E3C8D /* Build configuration list for PBXNativeTarget "Soil" */ = {
			isa = XCConfigurationList;
			buildConfigurations = (
				3C45E0D527313ADB002E3C8D /* Debug */,
				3C45E0D627313ADB002E3C8D /* Release */,
			);
			defaultConfigurationIsVisible = 0;
			defaultConfigurationName = Debug;
		};
/* End XCConfigurationList section */

/* Begin XCRemoteSwiftPackageReference section */
		3C58C83027342CEE003A1F9D /* XCRemoteSwiftPackageReference "lottie-ios" */ = {
			isa = XCRemoteSwiftPackageReference;
			repositoryURL = "https://github.com/airbnb/lottie-ios.git";
			requirement = {
				kind = upToNextMajorVersion;
				minimumVersion = 3.0.0;
			};
		};
		3C58C83327342D03003A1F9D /* XCRemoteSwiftPackageReference "Alamofire" */ = {
			isa = XCRemoteSwiftPackageReference;
			repositoryURL = "https://github.com/Alamofire/Alamofire.git";
			requirement = {
				kind = upToNextMajorVersion;
				minimumVersion = 5.0.0;
			};
		};
		3C58C83627342D11003A1F9D /* XCRemoteSwiftPackageReference "IQKeyboardManager" */ = {
			isa = XCRemoteSwiftPackageReference;
			repositoryURL = "https://github.com/hackiftekhar/IQKeyboardManager.git";
			requirement = {
				kind = upToNextMajorVersion;
				minimumVersion = 6.0.0;
			};
		};
		3C58C83C27342D30003A1F9D /* XCRemoteSwiftPackageReference "SnapKit" */ = {
			isa = XCRemoteSwiftPackageReference;
			repositoryURL = "https://github.com/SnapKit/SnapKit.git";
			requirement = {
				kind = upToNextMajorVersion;
				minimumVersion = 5.0.0;
			};
		};
		3CC1B09D27436B8100A715C0 /* XCRemoteSwiftPackageReference "Tags" */ = {
			isa = XCRemoteSwiftPackageReference;
			repositoryURL = "https://github.com/pikachu987/Tags.git";
			requirement = {
				kind = upToNextMajorVersion;
				minimumVersion = 0.3.2;
			};
		};
		76E48F5228D5A2ED002C0010 /* XCRemoteSwiftPackageReference "Parchment" */ = {
			isa = XCRemoteSwiftPackageReference;
			repositoryURL = "https://github.com/rechsteiner/Parchment";
			requirement = {
				kind = exactVersion;
				version = 3.1.0;
			};
		};
		D53128722822E91700E05FC6 /* XCRemoteSwiftPackageReference "ReactorKit" */ = {
			isa = XCRemoteSwiftPackageReference;
			repositoryURL = "https://github.com/ReactorKit/ReactorKit";
			requirement = {
				kind = upToNextMajorVersion;
				minimumVersion = 3.0.0;
			};
		};
		D58C100D28221888008FB61E /* XCRemoteSwiftPackageReference "Then" */ = {
			isa = XCRemoteSwiftPackageReference;
			repositoryURL = "https://github.com/devxoul/Then";
			requirement = {
				kind = upToNextMajorVersion;
				minimumVersion = 3.0.0;
			};
		};
		D5924BFD284784C60098A5AE /* XCRemoteSwiftPackageReference "firebase-ios-sdk" */ = {
			isa = XCRemoteSwiftPackageReference;
			repositoryURL = "https://github.com/firebase/firebase-ios-sdk";
			requirement = {
				kind = upToNextMajorVersion;
				minimumVersion = 9.0.0;
			};
		};
		D5C0A906273A4235005F9E9B /* XCRemoteSwiftPackageReference "Kingfisher" */ = {
			isa = XCRemoteSwiftPackageReference;
			repositoryURL = "https://github.com/onevcat/Kingfisher";
			requirement = {
				kind = upToNextMajorVersion;
				minimumVersion = 7.0.0;
			};
		};
		D5D44EC2277C81CE00C48D8E /* XCRemoteSwiftPackageReference "KeychainAccess" */ = {
			isa = XCRemoteSwiftPackageReference;
			repositoryURL = "https://github.com/kishikawakatsumi/KeychainAccess";
			requirement = {
				branch = master;
				kind = branch;
			};
		};
/* End XCRemoteSwiftPackageReference section */

/* Begin XCSwiftPackageProductDependency section */
		3C58C83127342CEE003A1F9D /* Lottie */ = {
			isa = XCSwiftPackageProductDependency;
			package = 3C58C83027342CEE003A1F9D /* XCRemoteSwiftPackageReference "lottie-ios" */;
			productName = Lottie;
		};
		3C58C83427342D04003A1F9D /* Alamofire */ = {
			isa = XCSwiftPackageProductDependency;
			package = 3C58C83327342D03003A1F9D /* XCRemoteSwiftPackageReference "Alamofire" */;
			productName = Alamofire;
		};
		3C58C83727342D11003A1F9D /* IQKeyboardManagerSwift */ = {
			isa = XCSwiftPackageProductDependency;
			package = 3C58C83627342D11003A1F9D /* XCRemoteSwiftPackageReference "IQKeyboardManager" */;
			productName = IQKeyboardManagerSwift;
		};
		3C58C83D27342D30003A1F9D /* SnapKit */ = {
			isa = XCSwiftPackageProductDependency;
			package = 3C58C83C27342D30003A1F9D /* XCRemoteSwiftPackageReference "SnapKit" */;
			productName = SnapKit;
		};
		3CC1B09E27436B8200A715C0 /* Tags */ = {
			isa = XCSwiftPackageProductDependency;
			package = 3CC1B09D27436B8100A715C0 /* XCRemoteSwiftPackageReference "Tags" */;
			productName = Tags;
		};
		76E48F5328D5A2ED002C0010 /* Parchment */ = {
			isa = XCSwiftPackageProductDependency;
			package = 76E48F5228D5A2ED002C0010 /* XCRemoteSwiftPackageReference "Parchment" */;
			productName = Parchment;
		};
		D53128732822E91700E05FC6 /* ReactorKit */ = {
			isa = XCSwiftPackageProductDependency;
			package = D53128722822E91700E05FC6 /* XCRemoteSwiftPackageReference "ReactorKit" */;
			productName = ReactorKit;
		};
		D58C100E28221888008FB61E /* Then */ = {
			isa = XCSwiftPackageProductDependency;
			package = D58C100D28221888008FB61E /* XCRemoteSwiftPackageReference "Then" */;
			productName = Then;
		};
		D5924BFE284784C60098A5AE /* FirebaseAnalytics */ = {
			isa = XCSwiftPackageProductDependency;
			package = D5924BFD284784C60098A5AE /* XCRemoteSwiftPackageReference "firebase-ios-sdk" */;
			productName = FirebaseAnalytics;
		};
		D5924C00284784C60098A5AE /* FirebaseAuth */ = {
			isa = XCSwiftPackageProductDependency;
			package = D5924BFD284784C60098A5AE /* XCRemoteSwiftPackageReference "firebase-ios-sdk" */;
			productName = FirebaseAuth;
		};
		D5924C02284784C60098A5AE /* FirebaseDynamicLinks */ = {
			isa = XCSwiftPackageProductDependency;
			package = D5924BFD284784C60098A5AE /* XCRemoteSwiftPackageReference "firebase-ios-sdk" */;
			productName = FirebaseDynamicLinks;
		};
		D5924C04284784C60098A5AE /* FirebaseMessaging */ = {
			isa = XCSwiftPackageProductDependency;
			package = D5924BFD284784C60098A5AE /* XCRemoteSwiftPackageReference "firebase-ios-sdk" */;
			productName = FirebaseMessaging;
		};
		D5C0A907273A4235005F9E9B /* Kingfisher */ = {
			isa = XCSwiftPackageProductDependency;
			package = D5C0A906273A4235005F9E9B /* XCRemoteSwiftPackageReference "Kingfisher" */;
			productName = Kingfisher;
		};
		D5D44EC3277C81CF00C48D8E /* KeychainAccess */ = {
			isa = XCSwiftPackageProductDependency;
			package = D5D44EC2277C81CE00C48D8E /* XCRemoteSwiftPackageReference "KeychainAccess" */;
			productName = KeychainAccess;
		};
/* End XCSwiftPackageProductDependency section */
	};
	rootObject = 3C45E0B827313AD9002E3C8D /* Project object */;
}
